
Microsoft Visual Studio Solution File, Format Version 12.00
# Visual Studio 2012
Project("{FAE04EC0-301F-11D3-BF4B-00C04F79EFBC}") = "MsgPack-Lib", "MsgPack-Lib\MsgPack-Lib.csproj", "{0853EA88-6B50-43FF-9F55-284E98E12607}"
EndProject
Project("{FAE04EC0-301F-11D3-BF4B-00C04F79EFBC}") = "MsgPack-Lib.Test", "MsgPack-Lib.Test\MsgPack-Lib.Test.csproj", "{24962027-998B-4E41-8F0C-3EE0EE8920CA}"
EndProject
Project("{FAE04EC0-301F-11D3-BF4B-00C04F79EFBC}") = "MsgPack-Lib.Demo", "MsgPack-Lib.Demo\MsgPack-Lib.Demo.csproj", "{7F06814B-5FE5-4688-9DF1-CA74F460BDCB}"
EndProject
Global
	GlobalSection(SolutionConfigurationPlatforms) = preSolution
		Debug|Any CPU = Debug|Any CPU
		Release|Any CPU = Release|Any CPU
	EndGlobalSection
	GlobalSection(ProjectConfigurationPlatforms) = postSolution
		{0853EA88-6B50-43FF-9F55-284E98E12607}.Debug|Any CPU.ActiveCfg = Debug|Any CPU
		{0853EA88-6B50-43FF-9F55-284E98E12607}.Debug|Any CPU.Build.0 = Debug|Any CPU
		{0853EA88-6B50-43FF-9F55-284E98E12607}.Release|Any CPU.ActiveCfg = Release|Any CPU
		{0853EA88-6B50-43FF-9F55-284E98E12607}.Release|Any CPU.Build.0 = Release|Any CPU
		{24962027-998B-4E41-8F0C-3EE0EE8920CA}.Debug|Any CPU.ActiveCfg = Debug|Any CPU
		{24962027-998B-4E41-8F0C-3EE0EE8920CA}.Debug|Any CPU.Build.0 = Debug|Any CPU
		{24962027-998B-4E41-8F0C-3EE0EE8920CA}.Release|Any CPU.ActiveCfg = Release|Any CPU
		{24962027-998B-4E41-8F0C-3EE0EE8920CA}.Release|Any CPU.Build.0 = Release|Any CPU
		{7F06814B-5FE5-4688-9DF1-CA74F460BDCB}.Debug|Any CPU.ActiveCfg = Debug|Any CPU
		{7F06814B-5FE5-4688-9DF1-CA74F460BDCB}.Debug|Any CPU.Build.0 = Debug|Any CPU
		{7F06814B-5FE5-4688-9DF1-CA74F460BDCB}.Release|Any CPU.ActiveCfg = Release|Any CPU
		{7F06814B-5FE5-4688-9DF1-CA74F460BDCB}.Release|Any CPU.Build.0 = Release|Any CPU
	EndGlobalSection
EndGlobal
